
Microsoft Visual Studio Solution File, Format Version 12.00
# Visual Studio Version 17
VisualStudioVersion = 17.0.31912.275
MinimumVisualStudioVersion = 10.0.40219.1
Project("{FAE04EC0-301F-11D3-BF4B-00C04F79EFBC}") = "Power Control Panel", "Power Control Panel.csproj", "{704D0C4E-A328-42E6-9FA6-88A4AFA268DD}"
EndProject
Global
	GlobalSection(SolutionConfigurationPlatforms) = preSolution
		Debug|Any CPU = Debug|Any CPU
		Release|Any CPU = Release|Any CPU
	EndGlobalSection
	GlobalSection(ProjectConfigurationPlatforms) = postSolution
		{704D0C4E-A328-42E6-9FA6-88A4AFA268DD}.Debug|Any CPU.ActiveCfg = Debug|Any CPU
		{704D0C4E-A328-42E6-9FA6-88A4AFA268DD}.Debug|Any CPU.Build.0 = Debug|Any CPU
		{704D0C4E-A328-42E6-9FA6-88A4AFA268DD}.Release|Any CPU.ActiveCfg = Release|Any CPU
		{704D0C4E-A328-42E6-9FA6-88A4AFA268DD}.Release|Any CPU.Build.0 = Release|Any CPU
	EndGlobalSection
	GlobalSection(SolutionProperties) = preSolution
		HideSolutionNode = FALSE
	EndGlobalSection
	GlobalSection(ExtensibilityGlobals) = postSolution
		SolutionGuid = {0130200E-2B67-44A4-872A-B9604D2E1B81}
	EndGlobalSection
EndGlobal
